
Microsoft Visual Studio Solution File, Format Version 12.00
# Visual Studio 15
VisualStudioVersion = 15.0.28307.168
MinimumVisualStudioVersion = 10.0.40219.1
Project("{FAE04EC0-301F-11D3-BF4B-00C04F79EFBC}") = "ProjectMeowth", "ProjectMeowth\ProjectMeowth.csproj", "{31E62108-C55C-435F-95DD-E477A335BEE0}"
EndProject
Project("{FAE04EC0-301F-11D3-BF4B-00C04F79EFBC}") = "ProjectMeowth.Tests", "ProjectMeowth.Tests\ProjectMeowth.Tests.csproj", "{F4FE68F5-5211-4B03-88FA-F09A3CE23331}"
EndProject
Global
	GlobalSection(SolutionConfigurationPlatforms) = preSolution
		Debug|Any CPU = Debug|Any CPU
		Release|Any CPU = Release|Any CPU
	EndGlobalSection
	GlobalSection(ProjectConfigurationPlatforms) = postSolution
		{31E62108-C55C-435F-95DD-E477A335BEE0}.Debug|Any CPU.ActiveCfg = Debug|Any CPU
		{31E62108-C55C-435F-95DD-E477A335BEE0}.Debug|Any CPU.Build.0 = Debug|Any CPU
		{31E62108-C55C-435F-95DD-E477A335BEE0}.Release|Any CPU.ActiveCfg = Release|Any CPU
		{31E62108-C55C-435F-95DD-E477A335BEE0}.Release|Any CPU.Build.0 = Release|Any CPU
		{F4FE68F5-5211-4B03-88FA-F09A3CE23331}.Debug|Any CPU.ActiveCfg = Debug|Any CPU
		{F4FE68F5-5211-4B03-88FA-F09A3CE23331}.Debug|Any CPU.Build.0 = Debug|Any CPU
		{F4FE68F5-5211-4B03-88FA-F09A3CE23331}.Release|Any CPU.ActiveCfg = Release|Any CPU
		{F4FE68F5-5211-4B03-88FA-F09A3CE23331}.Release|Any CPU.Build.0 = Release|Any CPU
	EndGlobalSection
	GlobalSection(SolutionProperties) = preSolution
		HideSolutionNode = FALSE
	EndGlobalSection
	GlobalSection(ExtensibilityGlobals) = postSolution
		SolutionGuid = {D132D4FE-FF9D-45E2-AD07-594BC8523628}
	EndGlobalSection
EndGlobal
